
Microsoft Visual Studio Solution File, Format Version 12.00
# Visual Studio 2013
VisualStudioVersion = 12.0.30501.0
MinimumVisualStudioVersion = 10.0.40219.1
Project("{FAE04EC0-301F-11D3-BF4B-00C04F79EFBC}") = "SWD", "SWD.csproj", "{A55F1007-AD00-4BFE-AA28-048A1AD78B1A}"
EndProject
Project("{FAE04EC0-301F-11D3-BF4B-00C04F79EFBC}") = "SWD.Model.Test", "..\SWD.Model.Test\SWD.Model.Test.csproj", "{D624860D-55FD-4045-874D-C70AF3E4BED0}"
EndProject
Project("{FAE04EC0-301F-11D3-BF4B-00C04F79EFBC}") = "SWD.DataAccess", "..\SWD.DataAccess\SWD.DataAccess.csproj", "{21BC7E63-8447-43CD-9F7D-08A1D9C94476}"
EndProject
Global
	GlobalSection(SolutionConfigurationPlatforms) = preSolution
		Debug|Any CPU = Debug|Any CPU
		Release|Any CPU = Release|Any CPU
	EndGlobalSection
	GlobalSection(ProjectConfigurationPlatforms) = postSolution
		{A55F1007-AD00-4BFE-AA28-048A1AD78B1A}.Debug|Any CPU.ActiveCfg = Debug|Any CPU
		{A55F1007-AD00-4BFE-AA28-048A1AD78B1A}.Debug|Any CPU.Build.0 = Debug|Any CPU
		{A55F1007-AD00-4BFE-AA28-048A1AD78B1A}.Release|Any CPU.ActiveCfg = Release|Any CPU
		{A55F1007-AD00-4BFE-AA28-048A1AD78B1A}.Release|Any CPU.Build.0 = Release|Any CPU
		{D624860D-55FD-4045-874D-C70AF3E4BED0}.Debug|Any CPU.ActiveCfg = Debug|Any CPU
		{D624860D-55FD-4045-874D-C70AF3E4BED0}.Debug|Any CPU.Build.0 = Debug|Any CPU
		{D624860D-55FD-4045-874D-C70AF3E4BED0}.Release|Any CPU.ActiveCfg = Release|Any CPU
		{D624860D-55FD-4045-874D-C70AF3E4BED0}.Release|Any CPU.Build.0 = Release|Any CPU
		{21BC7E63-8447-43CD-9F7D-08A1D9C94476}.Debug|Any CPU.ActiveCfg = Debug|Any CPU
		{21BC7E63-8447-43CD-9F7D-08A1D9C94476}.Debug|Any CPU.Build.0 = Debug|Any CPU
		{21BC7E63-8447-43CD-9F7D-08A1D9C94476}.Release|Any CPU.ActiveCfg = Release|Any CPU
		{21BC7E63-8447-43CD-9F7D-08A1D9C94476}.Release|Any CPU.Build.0 = Release|Any CPU
	EndGlobalSection
	GlobalSection(SolutionProperties) = preSolution
		HideSolutionNode = FALSE
	EndGlobalSection
EndGlobal
